
Microsoft Visual Studio Solution File, Format Version 12.00
# Visual Studio Version 17
VisualStudioVersion = 17.4.33213.308
MinimumVisualStudioVersion = 10.0.40219.1
Project("{9A19103F-16F7-4668-BE54-9A1E7A4F7556}") = "OrchardHeadlessCMS", "OrchardHeadlessCMS\OrchardHeadlessCMS.csproj", "{E7004248-3CAF-46CD-97B3-ACD40B081128}"
EndProject
Project("{9A19103F-16F7-4668-BE54-9A1E7A4F7556}") = "BlogUI", "BlogUI\BlogUI.csproj", "{D4DF1315-130E-4EE2-8611-65203E8D96FA}"
EndProject
Global
	GlobalSection(SolutionConfigurationPlatforms) = preSolution
		Debug|Any CPU = Debug|Any CPU
		Release|Any CPU = Release|Any CPU
	EndGlobalSection
	GlobalSection(ProjectConfigurationPlatforms) = postSolution
		{E7004248-3CAF-46CD-97B3-ACD40B081128}.Debug|Any CPU.ActiveCfg = Debug|Any CPU
		{E7004248-3CAF-46CD-97B3-ACD40B081128}.Debug|Any CPU.Build.0 = Debug|Any CPU
		{E7004248-3CAF-46CD-97B3-ACD40B081128}.Release|Any CPU.ActiveCfg = Release|Any CPU
		{E7004248-3CAF-46CD-97B3-ACD40B081128}.Release|Any CPU.Build.0 = Release|Any CPU
		{D4DF1315-130E-4EE2-8611-65203E8D96FA}.Debug|Any CPU.ActiveCfg = Debug|Any CPU
		{D4DF1315-130E-4EE2-8611-65203E8D96FA}.Debug|Any CPU.Build.0 = Debug|Any CPU
		{D4DF1315-130E-4EE2-8611-65203E8D96FA}.Release|Any CPU.ActiveCfg = Release|Any CPU
		{D4DF1315-130E-4EE2-8611-65203E8D96FA}.Release|Any CPU.Build.0 = Release|Any CPU
	EndGlobalSection
	GlobalSection(SolutionProperties) = preSolution
		HideSolutionNode = FALSE
	EndGlobalSection
	GlobalSection(ExtensibilityGlobals) = postSolution
		SolutionGuid = {A63FC08B-3160-42FE-A921-B050A41C6953}
	EndGlobalSection
EndGlobal
